// !$*UTF8*$!
{
	archiveVersion = 1;
	classes = {
	};
	objectVersion = 50;
	objects = {

/* Begin PBXBuildFile section */
		36FE240A20A271D000C22601 /* AppDelegate.swift in Sources */ = {isa = PBXBuildFile; fileRef = 36FE240920A271D000C22601 /* AppDelegate.swift */; };
		36FE240C20A271D000C22601 /* ViewController.swift in Sources */ = {isa = PBXBuildFile; fileRef = 36FE240B20A271D000C22601 /* ViewController.swift */; };
		36FE240F20A271D000C22601 /* Main.storyboard in Resources */ = {isa = PBXBuildFile; fileRef = 36FE240D20A271D000C22601 /* Main.storyboard */; };
		36FE241120A271D200C22601 /* Assets.xcassets in Resources */ = {isa = PBXBuildFile; fileRef = 36FE241020A271D200C22601 /* Assets.xcassets */; };
		36FE241420A271D200C22601 /* LaunchScreen.storyboard in Resources */ = {isa = PBXBuildFile; fileRef = 36FE241220A271D200C22601 /* LaunchScreen.storyboard */; };
		822D65AF25FDA1F500EB9752 /* Stack.swift in Sources */ = {isa = PBXBuildFile; fileRef = 822D65AE25FDA1F500EB9752 /* Stack.swift */; };
		82AE341226AB984F00CBE312 /* StackTests.swift in Sources */ = {isa = PBXBuildFile; fileRef = 82AE341126AB984F00CBE312 /* StackTests.swift */; };
		82DC0FB52122552B00E68F8D /* open_game.wav in Resources */ = {isa = PBXBuildFile; fileRef = 82DC0FB42122552A00E68F8D /* open_game.wav */; };
		82DC0FB72122553800E68F8D /* pick_release.wav in Resources */ = {isa = PBXBuildFile; fileRef = 82DC0FB62122553800E68F8D /* pick_release.wav */; };
/* End PBXBuildFile section */

/* Begin PBXContainerItemProxy section */
		36FE241B20A271D200C22601 /* PBXContainerItemProxy */ = {
			isa = PBXContainerItemProxy;
			containerPortal = 36FE23FE20A271D000C22601 /* Project object */;
			proxyType = 1;
			remoteGlobalIDString = 36FE240520A271D000C22601;
			remoteInfo = TwentyFour;
		};
/* End PBXContainerItemProxy section */

/* Begin PBXFileReference section */
		36FE240620A271D000C22601 /* TwentyFour.app */ = {isa = PBXFileReference; explicitFileType = wrapper.application; includeInIndex = 0; path = TwentyFour.app; sourceTree = BUILT_PRODUCTS_DIR; };
		36FE240920A271D000C22601 /* AppDelegate.swift */ = {isa = PBXFileReference; lastKnownFileType = sourcecode.swift; path = AppDelegate.swift; sourceTree = "<group>"; };
		36FE240B20A271D000C22601 /* ViewController.swift */ = {isa = PBXFileReference; lastKnownFileType = sourcecode.swift; path = ViewController.swift; sourceTree = "<group>"; };
		36FE240E20A271D000C22601 /* Base */ = {isa = PBXFileReference; lastKnownFileType = file.storyboard; name = Base; path = Base.lproj/Main.storyboard; sourceTree = "<group>"; };
		36FE241020A271D200C22601 /* Assets.xcassets */ = {isa = PBXFileReference; lastKnownFileType = folder.assetcatalog; path = Assets.xcassets; sourceTree = "<group>"; };
		36FE241320A271D200C22601 /* Base */ = {isa = PBXFileReference; lastKnownFileType = file.storyboard; name = Base; path = Base.lproj/LaunchScreen.storyboard; sourceTree = "<group>"; };
		36FE241520A271D200C22601 /* Info.plist */ = {isa = PBXFileReference; lastKnownFileType = text.plist.xml; path = Info.plist; sourceTree = "<group>"; };
		36FE241A20A271D200C22601 /* TwentyFourTests.xctest */ = {isa = PBXFileReference; explicitFileType = wrapper.cfbundle; includeInIndex = 0; path = TwentyFourTests.xctest; sourceTree = BUILT_PRODUCTS_DIR; };
		36FE242020A271D200C22601 /* Info.plist */ = {isa = PBXFileReference; lastKnownFileType = text.plist.xml; path = Info.plist; sourceTree = "<group>"; };
		822D65AE25FDA1F500EB9752 /* Stack.swift */ = {isa = PBXFileReference; lastKnownFileType = sourcecode.swift; path = Stack.swift; sourceTree = "<group>"; };
		82AE341126AB984F00CBE312 /* StackTests.swift */ = {isa = PBXFileReference; lastKnownFileType = sourcecode.swift; path = StackTests.swift; sourceTree = "<group>"; };
		82DC0FB42122552A00E68F8D /* open_game.wav */ = {isa = PBXFileReference; lastKnownFileType = audio.wav; path = open_game.wav; sourceTree = "<group>"; };
		82DC0FB62122553800E68F8D /* pick_release.wav */ = {isa = PBXFileReference; lastKnownFileType = audio.wav; path = pick_release.wav; sourceTree = "<group>"; };
/* End PBXFileReference section */

/* Begin PBXFrameworksBuildPhase section */
		36FE240320A271D000C22601 /* Frameworks */ = {
			isa = PBXFrameworksBuildPhase;
			buildActionMask = 2147483647;
			files = (
			);
			runOnlyForDeploymentPostprocessing = 0;
		};
		36FE241720A271D200C22601 /* Frameworks */ = {
			isa = PBXFrameworksBuildPhase;
			buildActionMask = 2147483647;
			files = (
			);
			runOnlyForDeploymentPostprocessing = 0;
		};
/* End PBXFrameworksBuildPhase section */

/* Begin PBXGroup section */
		36FE23FD20A271D000C22601 = {
			isa = PBXGroup;
			children = (
				36FE240820A271D000C22601 /* TwentyFour */,
				36FE241D20A271D200C22601 /* TwentyFourTests */,
				36FE240720A271D000C22601 /* Products */,
			);
			sourceTree = "<group>";
		};
		36FE240720A271D000C22601 /* Products */ = {
			isa = PBXGroup;
			children = (
				36FE240620A271D000C22601 /* TwentyFour.app */,
				36FE241A20A271D200C22601 /* TwentyFourTests.xctest */,
			);
			name = Products;
			sourceTree = "<group>";
		};
		36FE240820A271D000C22601 /* TwentyFour */ = {
			isa = PBXGroup;
			children = (
				36FE240920A271D000C22601 /* AppDelegate.swift */,
				36FE240B20A271D000C22601 /* ViewController.swift */,
				822D65AE25FDA1F500EB9752 /* Stack.swift */,
				82DC0FB42122552A00E68F8D /* open_game.wav */,
				82DC0FB62122553800E68F8D /* pick_release.wav */,
				36FE240D20A271D000C22601 /* Main.storyboard */,
				36FE241020A271D200C22601 /* Assets.xcassets */,
				36FE241220A271D200C22601 /* LaunchScreen.storyboard */,
				36FE241520A271D200C22601 /* Info.plist */,
			);
			path = TwentyFour;
			sourceTree = "<group>";
		};
		36FE241D20A271D200C22601 /* TwentyFourTests */ = {
			isa = PBXGroup;
			children = (
				36FE242020A271D200C22601 /* Info.plist */,
				82AE341126AB984F00CBE312 /* StackTests.swift */,
			);
			path = TwentyFourTests;
			sourceTree = "<group>";
		};
/* End PBXGroup section */

/* Begin PBXNativeTarget section */
		36FE240520A271D000C22601 /* TwentyFour */ = {
			isa = PBXNativeTarget;
			buildConfigurationList = 36FE242320A271D200C22601 /* Build configuration list for PBXNativeTarget "TwentyFour" */;
			buildPhases = (
				36FE240220A271D000C22601 /* Sources */,
				36FE240320A271D000C22601 /* Frameworks */,
				36FE240420A271D000C22601 /* Resources */,
			);
			buildRules = (
			);
			dependencies = (
			);
			name = TwentyFour;
			productName = TwentyFour;
			productReference = 36FE240620A271D000C22601 /* TwentyFour.app */;
			productType = "com.apple.product-type.application";
		};
		36FE241920A271D200C22601 /* TwentyFourTests */ = {
			isa = PBXNativeTarget;
			buildConfigurationList = 36FE242620A271D200C22601 /* Build configuration list for PBXNativeTarget "TwentyFourTests" */;
			buildPhases = (
				36FE241620A271D200C22601 /* Sources */,
				36FE241720A271D200C22601 /* Frameworks */,
				36FE241820A271D200C22601 /* Resources */,
			);
			buildRules = (
			);
			dependencies = (
				36FE241C20A271D200C22601 /* PBXTargetDependency */,
			);
			name = TwentyFourTests;
			productName = TwentyFourTests;
			productReference = 36FE241A20A271D200C22601 /* TwentyFourTests.xctest */;
			productType = "com.apple.product-type.bundle.unit-test";
		};
/* End PBXNativeTarget section */

/* Begin PBXProject section */
		36FE23FE20A271D000C22601 /* Project object */ = {
			isa = PBXProject;
			attributes = {
				LastSwiftUpdateCheck = 0930;
				LastUpgradeCheck = 0930;
				ORGANIZATIONNAME = "Bowen Lin";
				TargetAttributes = {
					36FE240520A271D000C22601 = {
						CreatedOnToolsVersion = 9.3;
					};
					36FE241920A271D200C22601 = {
						CreatedOnToolsVersion = 9.3;
						LastSwiftMigration = 1240;
						TestTargetID = 36FE240520A271D000C22601;
					};
				};
			};
			buildConfigurationList = 36FE240120A271D000C22601 /* Build configuration list for PBXProject "TwentyFour" */;
			compatibilityVersion = "Xcode 9.3";
			developmentRegion = en;
			hasScannedForEncodings = 0;
			knownRegions = (
				en,
				Base,
			);
			mainGroup = 36FE23FD20A271D000C22601;
			productRefGroup = 36FE240720A271D000C22601 /* Products */;
			projectDirPath = "";
			projectRoot = "";
			targets = (
				36FE240520A271D000C22601 /* TwentyFour */,
				36FE241920A271D200C22601 /* TwentyFourTests */,
			);
		};
/* End PBXProject section */

/* Begin PBXResourcesBuildPhase section */
		36FE240420A271D000C22601 /* Resources */ = {
			isa = PBXResourcesBuildPhase;
			buildActionMask = 2147483647;
			files = (
				82DC0FB52122552B00E68F8D /* open_game.wav in Resources */,
				82DC0FB72122553800E68F8D /* pick_release.wav in Resources */,
				36FE241420A271D200C22601 /* LaunchScreen.storyboard in Resources */,
				36FE241120A271D200C22601 /* Assets.xcassets in Resources */,
				36FE240F20A271D000C22601 /* Main.storyboard in Resources */,
			);
			runOnlyForDeploymentPostprocessing = 0;
		};
		36FE241820A271D200C22601 /* Resources */ = {
			isa = PBXResourcesBuildPhase;
			buildActionMask = 2147483647;
			files = (
			);
			runOnlyForDeploymentPostprocessing = 0;
		};
/* End PBXResourcesBuildPhase section */

/* Begin PBXSourcesBuildPhase section */
		36FE240220A271D000C22601 /* Sources */ = {
			isa = PBXSourcesBuildPhase;
			buildActionMask = 2147483647;
			files = (
				36FE240C20A271D000C22601 /* ViewController.swift in Sources */,
				822D65AF25FDA1F500EB9752 /* Stack.swift in Sources */,
				36FE240A20A271D000C22601 /* AppDelegate.swift in Sources */,
			);
			runOnlyForDeploymentPostprocessing = 0;
		};
		36FE241620A271D200C22601 /* Sources */ = {
			isa = PBXSourcesBuildPhase;
			buildActionMask = 2147483647;
			files = (
				82AE341226AB984F00CBE312 /* StackTests.swift in Sources */,
			);
			runOnlyForDeploymentPostprocessing = 0;
		};
/* End PBXSourcesBuildPhase section */

/* Begin PBXTargetDependency section */
		36FE241C20A271D200C22601 /* PBXTargetDependency */ = {
			isa = PBXTargetDependency;
			target = 36FE240520A271D000C22601 /* TwentyFour */;
			targetProxy = 36FE241B20A271D200C22601 /* PBXContainerItemProxy */;
		};
/* End PBXTargetDependency section */

/* Begin PBXVariantGroup section */
		36FE240D20A271D000C22601 /* Main.storyboard */ = {
			isa = PBXVariantGroup;
			children = (
				36FE240E20A271D000C22601 /* Base */,
			);
			name = Main.storyboard;
			sourceTree = "<group>";
		};
		36FE241220A271D200C22601 /* LaunchScreen.storyboard */ = {
			isa = PBXVariantGroup;
			children = (
				36FE241320A271D200C22601 /* Base */,
			);
			name = LaunchScreen.storyboard;
			sourceTree = "<group>";
		};
/* End PBXVariantGroup section */

/* Begin XCBuildConfiguration section */
		36FE242120A271D200C22601 /* Debug */ = {
			isa = XCBuildConfiguration;
			buildSettings = {
				ALWAYS_SEARCH_USER_PATHS = NO;
				CLANG_ANALYZER_NONNULL = YES;
				CLANG_ANALYZER_NUMBER_OBJECT_CONVERSION = YES_AGGRESSIVE;
				CLANG_CXX_LANGUAGE_STANDARD = "gnu++14";
				CLANG_CXX_LIBRARY = "libc++";
				CLANG_ENABLE_MODULES = YES;
				CLANG_ENABLE_OBJC_ARC = YES;
				CLANG_ENABLE_OBJC_WEAK = YES;
				CLANG_WARN_BLOCK_CAPTURE_AUTORELEASING = YES;
				CLANG_WARN_BOOL_CONVERSION = YES;
				CLANG_WARN_COMMA = YES;
				CLANG_WARN_CONSTANT_CONVERSION = YES;
				CLANG_WARN_DEPRECATED_OBJC_IMPLEMENTATIONS = YES;
				CLANG_WARN_DIRECT_OBJC_ISA_USAGE = YES_ERROR;
				CLANG_WARN_DOCUMENTATION_COMMENTS = YES;
				CLANG_WARN_EMPTY_BODY = YES;
				CLANG_WARN_ENUM_CONVERSION = YES;
				CLANG_WARN_INFINITE_RECURSION = YES;
				CLANG_WARN_INT_CONVERSION = YES;
				CLANG_WARN_NON_LITERAL_NULL_CONVERSION = YES;
				CLANG_WARN_OBJC_IMPLICIT_RETAIN_SELF = YES;
				CLANG_WARN_OBJC_LITERAL_CONVERSION = YES;
				CLANG_WARN_OBJC_ROOT_CLASS = YES_ERROR;
				CLANG_WARN_RANGE_LOOP_ANALYSIS = YES;
				CLANG_WARN_STRICT_PROTOTYPES = YES;
				CLANG_WARN_SUSPICIOUS_MOVE = YES;
				CLANG_WARN_UNGUARDED_AVAILABILITY = YES_AGGRESSIVE;
				CLANG_WARN_UNREACHABLE_CODE = YES;
				CLANG_WARN__DUPLICATE_METHOD_MATCH = YES;
				CODE_SIGN_IDENTITY = "iPhone Developer";
				COPY_PHASE_STRIP = NO;
				DEBUG_INFORMATION_FORMAT = dwarf;
				ENABLE_STRICT_OBJC_MSGSEND = YES;
				ENABLE_TESTABILITY = YES;
				GCC_C_LANGUAGE_STANDARD = gnu11;
				GCC_DYNAMIC_NO_PIC = NO;
				GCC_NO_COMMON_BLOCKS = YES;
				GCC_OPTIMIZATION_LEVEL = 0;
				GCC_PREPROCESSOR_DEFINITIONS = (
					"DEBUG=1",
					"$(inherited)",
				);
				GCC_WARN_64_TO_32_BIT_CONVERSION = YES;
				GCC_WARN_ABOUT_RETURN_TYPE = YES_ERROR;
				GCC_WARN_UNDECLARED_SELECTOR = YES;
				GCC_WARN_UNINITIALIZED_AUTOS = YES_AGGRESSIVE;
				GCC_WARN_UNUSED_FUNCTION = YES;
				GCC_WARN_UNUSED_VARIABLE = YES;
				IPHONEOS_DEPLOYMENT_TARGET = 11.3;
				MTL_ENABLE_DEBUG_INFO = YES;
				ONLY_ACTIVE_ARCH = YES;
				SDKROOT = iphoneos;
				SWIFT_ACTIVE_COMPILATION_CONDITIONS = DEBUG;
				SWIFT_OPTIMIZATION_LEVEL = "-Onone";
			};
			name = Debug;
		};
		36FE242220A271D200C22601 /* Release */ = {
			isa = XCBuildConfiguration;
			buildSettings = {
				ALWAYS_SEARCH_USER_PATHS = NO;
				CLANG_ANALYZER_NONNULL = YES;
				CLANG_ANALYZER_NUMBER_OBJECT_CONVERSION = YES_AGGRESSIVE;
				CLANG_CXX_LANGUAGE_STANDARD = "gnu++14";
				CLANG_CXX_LIBRARY = "libc++";
				CLANG_ENABLE_MODULES = YES;
				CLANG_ENABLE_OBJC_ARC = YES;
				CLANG_ENABLE_OBJC_WEAK = YES;
				CLANG_WARN_BLOCK_CAPTURE_AUTORELEASING = YES;
				CLANG_WARN_BOOL_CONVERSION = YES;
				CLANG_WARN_COMMA = YES;
				CLANG_WARN_CONSTANT_CONVERSION = YES;
				CLANG_WARN_DEPRECATED_OBJC_IMPLEMENTATIONS = YES;
				CLANG_WARN_DIRECT_OBJC_ISA_USAGE = YES_ERROR;
				CLANG_WARN_DOCUMENTATION_COMMENTS = YES;
				CLANG_WARN_EMPTY_BODY = YES;
				CLANG_WARN_ENUM_CONVERSION = YES;
				CLANG_WARN_INFINITE_RECURSION = YES;
				CLANG_WARN_INT_CONVERSION = YES;
				CLANG_WARN_NON_LITERAL_NULL_CONVERSION = YES;
				CLANG_WARN_OBJC_IMPLICIT_RETAIN_SELF = YES;
				CLANG_WARN_OBJC_LITERAL_CONVERSION = YES;
				CLANG_WARN_OBJC_ROOT_CLASS = YES_ERROR;
				CLANG_WARN_RANGE_LOOP_ANALYSIS = YES;
				CLANG_WARN_STRICT_PROTOTYPES = YES;
				CLANG_WARN_SUSPICIOUS_MOVE = YES;
				CLANG_WARN_UNGUARDED_AVAILABILITY = YES_AGGRESSIVE;
				CLANG_WARN_UNREACHABLE_CODE = YES;
				CLANG_WARN__DUPLICATE_METHOD_MATCH = YES;
				CODE_SIGN_IDENTITY = "iPhone Developer";
				COPY_PHASE_STRIP = NO;
				DEBUG_INFORMATION_FORMAT = "dwarf-with-dsym";
				ENABLE_NS_ASSERTIONS = NO;
				ENABLE_STRICT_OBJC_MSGSEND = YES;
				GCC_C_LANGUAGE_STANDARD = gnu11;
				GCC_NO_COMMON_BLOCKS = YES;
				GCC_WARN_64_TO_32_BIT_CONVERSION = YES;
				GCC_WARN_ABOUT_RETURN_TYPE = YES_ERROR;
				GCC_WARN_UNDECLARED_SELECTOR = YES;
				GCC_WARN_UNINITIALIZED_AUTOS = YES_AGGRESSIVE;
				GCC_WARN_UNUSED_FUNCTION = YES;
				GCC_WARN_UNUSED_VARIABLE = YES;
				IPHONEOS_DEPLOYMENT_TARGET = 11.3;
				MTL_ENABLE_DEBUG_INFO = NO;
				SDKROOT = iphoneos;
				SWIFT_COMPILATION_MODE = wholemodule;
				SWIFT_OPTIMIZATION_LEVEL = "-O";
				VALIDATE_PRODUCT = YES;
			};
			name = Release;
		};
		36FE242420A271D200C22601 /* Debug */ = {
			isa = XCBuildConfiguration;
			buildSettings = {
				ASSETCATALOG_COMPILER_APPICON_NAME = AppIcon;
				CODE_SIGN_STYLE = Automatic;
				DEVELOPMENT_TEAM = 93CA9U5VXN;
				INFOPLIST_FILE = TwentyFour/Info.plist;
				IPHONEOS_DEPLOYMENT_TARGET = 11.2;
				LD_RUNPATH_SEARCH_PATHS = (
					"$(inherited)",
					"@executable_path/Frameworks",
				);
				PRODUCT_BUNDLE_IDENTIFIER = xiaobao123.TwentyFour;
				PRODUCT_NAME = "$(TARGET_NAME)";
				SWIFT_VERSION = 4.0;
				TARGETED_DEVICE_FAMILY = 2;
			};
			name = Debug;
		};
		36FE242520A271D200C22601 /* Release */ = {
			isa = XCBuildConfiguration;
			buildSettings = {
				ASSETCATALOG_COMPILER_APPICON_NAME = AppIcon;
				CODE_SIGN_STYLE = Automatic;
				DEVELOPMENT_TEAM = 93CA9U5VXN;
				INFOPLIST_FILE = TwentyFour/Info.plist;
				IPHONEOS_DEPLOYMENT_TARGET = 11.2;
				LD_RUNPATH_SEARCH_PATHS = (
					"$(inherited)",
					"@executable_path/Frameworks",
				);
				PRODUCT_BUNDLE_IDENTIFIER = xiaobao123.TwentyFour;
				PRODUCT_NAME = "$(TARGET_NAME)";
				SWIFT_VERSION = 4.0;
				TARGETED_DEVICE_FAMILY = 2;
			};
			name = Release;
		};
		36FE242720A271D200C22601 /* Debug */ = {
			isa = XCBuildConfiguration;
			buildSettings = {
				ALWAYS_EMBED_SWIFT_STANDARD_LIBRARIES = YES;
				BUNDLE_LOADER = "$(TEST_HOST)";
				CLANG_ENABLE_MODULES = YES;
				CODE_SIGN_STYLE = Automatic;
				DEVELOPMENT_TEAM = J8B74FCZCC;
				INFOPLIST_FILE = TwentyFourTests/Info.plist;
				LD_RUNPATH_SEARCH_PATHS = (
					"$(inherited)",
					"@executable_path/Frameworks",
					"@loader_path/Frameworks",
				);
				PRODUCT_BUNDLE_IDENTIFIER = com.goldthumb.TwentyFourTests;
				PRODUCT_NAME = "$(TARGET_NAME)";
				SWIFT_OPTIMIZATION_LEVEL = "-Onone";
				SWIFT_VERSION = 4.0;
				TARGETED_DEVICE_FAMILY = "1,2";
				TEST_HOST = "$(BUILT_PRODUCTS_DIR)/TwentyFour.app/TwentyFour";
			};
			name = Debug;
		};
		36FE242820A271D200C22601 /* Release */ = {
			isa = XCBuildConfiguration;
			buildSettings = {
				ALWAYS_EMBED_SWIFT_STANDARD_LIBRARIES = YES;
				BUNDLE_LOADER = "$(TEST_HOST)";
				CLANG_ENABLE_MODULES = YES;
				CODE_SIGN_STYLE = Automatic;
				DEVELOPMENT_TEAM = J8B74FCZCC;
				INFOPLIST_FILE = TwentyFourTests/Info.plist;
				LD_RUNPATH_SEARCH_PATHS = (
					"$(inherited)",
					"@executable_path/Frameworks",
					"@loader_path/Frameworks",
				);
				PRODUCT_BUNDLE_IDENTIFIER = com.goldthumb.TwentyFourTests;
				PRODUCT_NAME = "$(TARGET_NAME)";
				SWIFT_VERSION = 4.0;
				TARGETED_DEVICE_FAMILY = "1,2";
				TEST_HOST = "$(BUILT_PRODUCTS_DIR)/TwentyFour.app/TwentyFour";
			};
			name = Release;
		};
/* End XCBuildConfiguration section */

/* Begin XCConfigurationList section */
		36FE240120A271D000C22601 /* Build configuration list for PBXProject "TwentyFour" */ = {
			isa = XCConfigurationList;
			buildConfigurations = (
				36FE242120A271D200C22601 /* Debug */,
				36FE242220A271D200C22601 /* Release */,
			);
			defaultConfigurationIsVisible = 0;
			defaultConfigurationName = Release;
		};
		36FE242320A271D200C22601 /* Build configuration list for PBXNativeTarget "TwentyFour" */ = {
			isa = XCConfigurationList;
			buildConfigurations = (
				36FE242420A271D200C22601 /* Debug */,
				36FE242520A271D200C22601 /* Release */,
			);
			defaultConfigurationIsVisible = 0;
			defaultConfigurationName = Release;
		};
		36FE242620A271D200C22601 /* Build configuration list for PBXNativeTarget "TwentyFourTests" */ = {
			isa = XCConfigurationList;
			buildConfigurations = (
				36FE242720A271D200C22601 /* Debug */,
				36FE242820A271D200C22601 /* Release */,
			);
			defaultConfigurationIsVisible = 0;
			defaultConfigurationName = Release;
		};
/* End XCConfigurationList section */
	};
	rootObject = 36FE23FE20A271D000C22601 /* Project object */;
}
